// !$*UTF8*$!
{
	archiveVersion = 1;
	classes = {
	};
	objectVersion = 56;
	objects = {

/* Begin PBXBuildFile section */
		A61757E12BDAB89800CDF7E7 /* DetailView.swift in Sources */ = {isa = PBXBuildFile; fileRef = A61757E02BDAB89800CDF7E7 /* DetailView.swift */; };
		A61757E32BDAB8CD00CDF7E7 /* ListView.swift in Sources */ = {isa = PBXBuildFile; fileRef = A61757E22BDAB8CD00CDF7E7 /* ListView.swift */; };
		A61757E72BDABF1900CDF7E7 /* ItemCell.swift in Sources */ = {isa = PBXBuildFile; fileRef = A61757E62BDABF1900CDF7E7 /* ItemCell.swift */; };
		A61757E92BDACA3D00CDF7E7 /* ActivityIndicator.swift in Sources */ = {isa = PBXBuildFile; fileRef = A61757E82BDACA3D00CDF7E7 /* ActivityIndicator.swift */; };
		A61757F42BDAD77400CDF7E7 /* TableViewWithPaginationUsingCombineSwiftUITests.swift in Sources */ = {isa = PBXBuildFile; fileRef = A61757F32BDAD77400CDF7E7 /* TableViewWithPaginationUsingCombineSwiftUITests.swift */; };
		A6DE6CD32BDA5FB200580E0E /* TableViewWithPaginationUsingCombineSwiftUIApp.swift in Sources */ = {isa = PBXBuildFile; fileRef = A6DE6CD22BDA5FB200580E0E /* TableViewWithPaginationUsingCombineSwiftUIApp.swift */; };
		A6DE6CD52BDA5FB200580E0E /* ContentView.swift in Sources */ = {isa = PBXBuildFile; fileRef = A6DE6CD42BDA5FB200580E0E /* ContentView.swift */; };
		A6DE6CD72BDA5FB500580E0E /* Assets.xcassets in Resources */ = {isa = PBXBuildFile; fileRef = A6DE6CD62BDA5FB500580E0E /* Assets.xcassets */; };
		A6DE6CDA2BDA5FB500580E0E /* Preview Assets.xcassets in Resources */ = {isa = PBXBuildFile; fileRef = A6DE6CD92BDA5FB500580E0E /* Preview Assets.xcassets */; };
		A6DE6CE22BDA607D00580E0E /* Item.swift in Sources */ = {isa = PBXBuildFile; fileRef = A6DE6CE12BDA607D00580E0E /* Item.swift */; };
		A6DE6CE42BDA60BE00580E0E /* ItemViewModel.swift in Sources */ = {isa = PBXBuildFile; fileRef = A6DE6CE32BDA60BE00580E0E /* ItemViewModel.swift */; };
/* End PBXBuildFile section */

/* Begin PBXContainerItemProxy section */
		A61757F52BDAD77400CDF7E7 /* PBXContainerItemProxy */ = {
			isa = PBXContainerItemProxy;
			containerPortal = A6DE6CC72BDA5FB200580E0E /* Project object */;
			proxyType = 1;
			remoteGlobalIDString = A6DE6CCE2BDA5FB200580E0E;
			remoteInfo = TableViewWithPaginationUsingCombineSwiftUI;
		};
/* End PBXContainerItemProxy section */

/* Begin PBXFileReference section */
		A61757E02BDAB89800CDF7E7 /* DetailView.swift */ = {isa = PBXFileReference; lastKnownFileType = sourcecode.swift; path = DetailView.swift; sourceTree = "<group>"; };
		A61757E22BDAB8CD00CDF7E7 /* ListView.swift */ = {isa = PBXFileReference; lastKnownFileType = sourcecode.swift; path = ListView.swift; sourceTree = "<group>"; };
		A61757E62BDABF1900CDF7E7 /* ItemCell.swift */ = {isa = PBXFileReference; lastKnownFileType = sourcecode.swift; path = ItemCell.swift; sourceTree = "<group>"; };
		A61757E82BDACA3D00CDF7E7 /* ActivityIndicator.swift */ = {isa = PBXFileReference; lastKnownFileType = sourcecode.swift; path = ActivityIndicator.swift; sourceTree = "<group>"; };
		A61757F12BDAD77400CDF7E7 /* TableViewWithPaginationUsingCombineSwiftUITests.xctest */ = {isa = PBXFileReference; explicitFileType = wrapper.cfbundle; includeInIndex = 0; path = TableViewWithPaginationUsingCombineSwiftUITests.xctest; sourceTree = BUILT_PRODUCTS_DIR; };
		A61757F32BDAD77400CDF7E7 /* TableViewWithPaginationUsingCombineSwiftUITests.swift */ = {isa = PBXFileReference; lastKnownFileType = sourcecode.swift; path = TableViewWithPaginationUsingCombineSwiftUITests.swift; sourceTree = "<group>"; };
		A6DE6CCF2BDA5FB200580E0E /* TableViewWithPaginationUsingCombineSwiftUI.app */ = {isa = PBXFileReference; explicitFileType = wrapper.application; includeInIndex = 0; path = TableViewWithPaginationUsingCombineSwiftUI.app; sourceTree = BUILT_PRODUCTS_DIR; };
		A6DE6CD22BDA5FB200580E0E /* TableViewWithPaginationUsingCombineSwiftUIApp.swift */ = {isa = PBXFileReference; lastKnownFileType = sourcecode.swift; path = TableViewWithPaginationUsingCombineSwiftUIApp.swift; sourceTree = "<group>"; };
		A6DE6CD42BDA5FB200580E0E /* ContentView.swift */ = {isa = PBXFileReference; lastKnownFileType = sourcecode.swift; path = ContentView.swift; sourceTree = "<group>"; };
		A6DE6CD62BDA5FB500580E0E /* Assets.xcassets */ = {isa = PBXFileReference; lastKnownFileType = folder.assetcatalog; path = Assets.xcassets; sourceTree = "<group>"; };
		A6DE6CD92BDA5FB500580E0E /* Preview Assets.xcassets */ = {isa = PBXFileReference; lastKnownFileType = folder.assetcatalog; path = "Preview Assets.xcassets"; sourceTree = "<group>"; };
		A6DE6CE12BDA607D00580E0E /* Item.swift */ = {isa = PBXFileReference; lastKnownFileType = sourcecode.swift; path = Item.swift; sourceTree = "<group>"; };
		A6DE6CE32BDA60BE00580E0E /* ItemViewModel.swift */ = {isa = PBXFileReference; lastKnownFileType = sourcecode.swift; path = ItemViewModel.swift; sourceTree = "<group>"; };
/* End PBXFileReference section */

/* Begin PBXFrameworksBuildPhase section */
		A61757EE2BDAD77400CDF7E7 /* Frameworks */ = {
			isa = PBXFrameworksBuildPhase;
			buildActionMask = 2147483647;
			files = (
			);
			runOnlyForDeploymentPostprocessing = 0;
		};
		A6DE6CCC2BDA5FB200580E0E /* Frameworks */ = {
			isa = PBXFrameworksBuildPhase;
			buildActionMask = 2147483647;
			files = (
			);
			runOnlyForDeploymentPostprocessing = 0;
		};
/* End PBXFrameworksBuildPhase section */

/* Begin PBXGroup section */
		A61757EA2BDAD63700CDF7E7 /* Views */ = {
			isa = PBXGroup;
			children = (
				A61757E22BDAB8CD00CDF7E7 /* ListView.swift */,
				A61757E62BDABF1900CDF7E7 /* ItemCell.swift */,
				A61757E02BDAB89800CDF7E7 /* DetailView.swift */,
				A61757E82BDACA3D00CDF7E7 /* ActivityIndicator.swift */,
			);
			path = Views;
			sourceTree = "<group>";
		};
		A61757F22BDAD77400CDF7E7 /* TableViewWithPaginationUsingCombineSwiftUITests */ = {
			isa = PBXGroup;
			children = (
				A61757F32BDAD77400CDF7E7 /* TableViewWithPaginationUsingCombineSwiftUITests.swift */,
			);
			path = TableViewWithPaginationUsingCombineSwiftUITests;
			sourceTree = "<group>";
		};
		A6DE6CC62BDA5FB200580E0E = {
			isa = PBXGroup;
			children = (
				A6DE6CD12BDA5FB200580E0E /* TableViewWithPaginationUsingCombineSwiftUI */,
				A61757F22BDAD77400CDF7E7 /* TableViewWithPaginationUsingCombineSwiftUITests */,
				A6DE6CD02BDA5FB200580E0E /* Products */,
			);
			sourceTree = "<group>";
		};
		A6DE6CD02BDA5FB200580E0E /* Products */ = {
			isa = PBXGroup;
			children = (
				A6DE6CCF2BDA5FB200580E0E /* TableViewWithPaginationUsingCombineSwiftUI.app */,
				A61757F12BDAD77400CDF7E7 /* TableViewWithPaginationUsingCombineSwiftUITests.xctest */,
			);
			name = Products;
			sourceTree = "<group>";
		};
		A6DE6CD12BDA5FB200580E0E /* TableViewWithPaginationUsingCombineSwiftUI */ = {
			isa = PBXGroup;
			children = (
				A6DE6CD22BDA5FB200580E0E /* TableViewWithPaginationUsingCombineSwiftUIApp.swift */,
				A6DE6CD42BDA5FB200580E0E /* ContentView.swift */,
				A61757EA2BDAD63700CDF7E7 /* Views */,
				A6DE6CE02BDA603E00580E0E /* Model */,
				A6DE6CD62BDA5FB500580E0E /* Assets.xcassets */,
				A6DE6CD82BDA5FB500580E0E /* Preview Content */,
			);
			path = TableViewWithPaginationUsingCombineSwiftUI;
			sourceTree = "<group>";
		};
		A6DE6CD82BDA5FB500580E0E /* Preview Content */ = {
			isa = PBXGroup;
			children = (
				A6DE6CD92BDA5FB500580E0E /* Preview Assets.xcassets */,
			);
			path = "Preview Content";
			sourceTree = "<group>";
		};
		A6DE6CE02BDA603E00580E0E /* Model */ = {
			isa = PBXGroup;
			children = (
				A6DE6CE12BDA607D00580E0E /* Item.swift */,
				A6DE6CE32BDA60BE00580E0E /* ItemViewModel.swift */,
			);
			path = Model;
			sourceTree = "<group>";
		};
/* End PBXGroup section */

/* Begin PBXNativeTarget section */
		A61757F02BDAD77400CDF7E7 /* TableViewWithPaginationUsingCombineSwiftUITests */ = {
			isa = PBXNativeTarget;
			buildConfigurationList = A61757F72BDAD77400CDF7E7 /* Build configuration list for PBXNativeTarget "TableViewWithPaginationUsingCombineSwiftUITests" */;
			buildPhases = (
				A61757ED2BDAD77400CDF7E7 /* Sources */,
				A61757EE2BDAD77400CDF7E7 /* Frameworks */,
				A61757EF2BDAD77400CDF7E7 /* Resources */,
			);
			buildRules = (
			);
			dependencies = (
				A61757F62BDAD77400CDF7E7 /* PBXTargetDependency */,
			);
			name = TableViewWithPaginationUsingCombineSwiftUITests;
			productName = TableViewWithPaginationUsingCombineSwiftUITests;
			productReference = A61757F12BDAD77400CDF7E7 /* TableViewWithPaginationUsingCombineSwiftUITests.xctest */;
			productType = "com.apple.product-type.bundle.unit-test";
		};
		A6DE6CCE2BDA5FB200580E0E /* TableViewWithPaginationUsingCombineSwiftUI */ = {
			isa = PBXNativeTarget;
			buildConfigurationList = A6DE6CDD2BDA5FB500580E0E /* Build configuration list for PBXNativeTarget "TableViewWithPaginationUsingCombineSwiftUI" */;
			buildPhases = (
				A6DE6CCB2BDA5FB200580E0E /* Sources */,
				A6DE6CCC2BDA5FB200580E0E /* Frameworks */,
				A6DE6CCD2BDA5FB200580E0E /* Resources */,
			);
			buildRules = (
			);
			dependencies = (
			);
			name = TableViewWithPaginationUsingCombineSwiftUI;
			productName = TableViewWithPaginationUsingCombineSwiftUI;
			productReference = A6DE6CCF2BDA5FB200580E0E /* TableViewWithPaginationUsingCombineSwiftUI.app */;
			productType = "com.apple.product-type.application";
		};
/* End PBXNativeTarget section */

/* Begin PBXProject section */
		A6DE6CC72BDA5FB200580E0E /* Project object */ = {
			isa = PBXProject;
			attributes = {
				BuildIndependentTargetsInParallel = 1;
				LastSwiftUpdateCheck = 1520;
				LastUpgradeCheck = 1520;
				TargetAttributes = {
					A61757F02BDAD77400CDF7E7 = {
						CreatedOnToolsVersion = 15.2;
						TestTargetID = A6DE6CCE2BDA5FB200580E0E;
					};
					A6DE6CCE2BDA5FB200580E0E = {
						CreatedOnToolsVersion = 15.2;
					};
				};
			};
			buildConfigurationList = A6DE6CCA2BDA5FB200580E0E /* Build configuration list for PBXProject "TableViewWithPaginationUsingCombineSwiftUI" */;
			compatibilityVersion = "Xcode 14.0";
			developmentRegion = en;
			hasScannedForEncodings = 0;
			knownRegions = (
				en,
				Base,
			);
			mainGroup = A6DE6CC62BDA5FB200580E0E;
			productRefGroup = A6DE6CD02BDA5FB200580E0E /* Products */;
			projectDirPath = "";
			projectRoot = "";
			targets = (
				A6DE6CCE2BDA5FB200580E0E /* TableViewWithPaginationUsingCombineSwiftUI */,
				A61757F02BDAD77400CDF7E7 /* TableViewWithPaginationUsingCombineSwiftUITests */,
			);
		};
/* End PBXProject section */

/* Begin PBXResourcesBuildPhase section */
		A61757EF2BDAD77400CDF7E7 /* Resources */ = {
			isa = PBXResourcesBuildPhase;
			buildActionMask = 2147483647;
			files = (
			);
			runOnlyForDeploymentPostprocessing = 0;
		};
		A6DE6CCD2BDA5FB200580E0E /* Resources */ = {
			isa = PBXResourcesBuildPhase;
			buildActionMask = 2147483647;
			files = (
				A6DE6CDA2BDA5FB500580E0E /* Preview Assets.xcassets in Resources */,
				A6DE6CD72BDA5FB500580E0E /* Assets.xcassets in Resources */,
			);
			runOnlyForDeploymentPostprocessing = 0;
		};
/* End PBXResourcesBuildPhase section */

/* Begin PBXSourcesBuildPhase section */
		A61757ED2BDAD77400CDF7E7 /* Sources */ = {
			isa = PBXSourcesBuildPhase;
			buildActionMask = 2147483647;
			files = (
				A61757F42BDAD77400CDF7E7 /* TableViewWithPaginationUsingCombineSwiftUITests.swift in Sources */,
			);
			runOnlyForDeploymentPostprocessing = 0;
		};
		A6DE6CCB2BDA5FB200580E0E /* Sources */ = {
			isa = PBXSourcesBuildPhase;
			buildActionMask = 2147483647;
			files = (
				A61757E92BDACA3D00CDF7E7 /* ActivityIndicator.swift in Sources */,
				A6DE6CD52BDA5FB200580E0E /* ContentView.swift in Sources */,
				A61757E12BDAB89800CDF7E7 /* DetailView.swift in Sources */,
				A61757E72BDABF1900CDF7E7 /* ItemCell.swift in Sources */,
				A6DE6CE22BDA607D00580E0E /* Item.swift in Sources */,
				A61757E32BDAB8CD00CDF7E7 /* ListView.swift in Sources */,
				A6DE6CD32BDA5FB200580E0E /* TableViewWithPaginationUsingCombineSwiftUIApp.swift in Sources */,
				A6DE6CE42BDA60BE00580E0E /* ItemViewModel.swift in Sources */,
			);
			runOnlyForDeploymentPostprocessing = 0;
		};
/* End PBXSourcesBuildPhase section */

/* Begin PBXTargetDependency section */
		A61757F62BDAD77400CDF7E7 /* PBXTargetDependency */ = {
			isa = PBXTargetDependency;
			target = A6DE6CCE2BDA5FB200580E0E /* TableViewWithPaginationUsingCombineSwiftUI */;
			targetProxy = A61757F52BDAD77400CDF7E7 /* PBXContainerItemProxy */;
		};
/* End PBXTargetDependency section */

/* Begin XCBuildConfiguration section */
		A61757F82BDAD77400CDF7E7 /* Debug */ = {
			isa = XCBuildConfiguration;
			buildSettings = {
				BUNDLE_LOADER = "$(TEST_HOST)";
				CODE_SIGN_STYLE = Automatic;
				CURRENT_PROJECT_VERSION = 1;
				DEVELOPMENT_TEAM = 36M95HK4F4;
				GENERATE_INFOPLIST_FILE = YES;
				MARKETING_VERSION = 1.0;
				PRODUCT_BUNDLE_IDENTIFIER = com.intellivision..TableViewWithPaginationUsingCombineSwiftUITests;
				PRODUCT_NAME = "$(TARGET_NAME)";
				SWIFT_EMIT_LOC_STRINGS = NO;
				SWIFT_VERSION = 5.0;
				TARGETED_DEVICE_FAMILY = "1,2";
				TEST_HOST = "$(BUILT_PRODUCTS_DIR)/TableViewWithPaginationUsingCombineSwiftUI.app/$(BUNDLE_EXECUTABLE_FOLDER_PATH)/TableViewWithPaginationUsingCombineSwiftUI";
			};
			name = Debug;
		};
		A61757F92BDAD77400CDF7E7 /* Release */ = {
			isa = XCBuildConfiguration;
			buildSettings = {
				BUNDLE_LOADER = "$(TEST_HOST)";
				CODE_SIGN_STYLE = Automatic;
				CURRENT_PROJECT_VERSION = 1;
				DEVELOPMENT_TEAM = 36M95HK4F4;
				ENABLE_TESTABILITY = YES;
				GENERATE_INFOPLIST_FILE = YES;
				MARKETING_VERSION = 1.0;
				PRODUCT_BUNDLE_IDENTIFIER = com.intellivision..TableViewWithPaginationUsingCombineSwiftUITests;
				PRODUCT_NAME = "$(TARGET_NAME)";
				SWIFT_EMIT_LOC_STRINGS = NO;
				SWIFT_VERSION = 5.0;
				TARGETED_DEVICE_FAMILY = "1,2";
				TEST_HOST = "$(BUILT_PRODUCTS_DIR)/TableViewWithPaginationUsingCombineSwiftUI.app/$(BUNDLE_EXECUTABLE_FOLDER_PATH)/TableViewWithPaginationUsingCombineSwiftUI";
			};
			name = Release;
		};
		A6DE6CDB2BDA5FB500580E0E /* Debug */ = {
			isa = XCBuildConfiguration;
			buildSettings = {
				ALWAYS_SEARCH_USER_PATHS = NO;
				ASSETCATALOG_COMPILER_GENERATE_SWIFT_ASSET_SYMBOL_EXTENSIONS = YES;
				CLANG_ANALYZER_NONNULL = YES;
				CLANG_ANALYZER_NUMBER_OBJECT_CONVERSION = YES_AGGRESSIVE;
				CLANG_CXX_LANGUAGE_STANDARD = "gnu++20";
				CLANG_ENABLE_MODULES = YES;
				CLANG_ENABLE_OBJC_ARC = YES;
				CLANG_ENABLE_OBJC_WEAK = YES;
				CLANG_WARN_BLOCK_CAPTURE_AUTORELEASING = YES;
				CLANG_WARN_BOOL_CONVERSION = YES;
				CLANG_WARN_COMMA = YES;
				CLANG_WARN_CONSTANT_CONVERSION = YES;
				CLANG_WARN_DEPRECATED_OBJC_IMPLEMENTATIONS = YES;
				CLANG_WARN_DIRECT_OBJC_ISA_USAGE = YES_ERROR;
				CLANG_WARN_DOCUMENTATION_COMMENTS = YES;
				CLANG_WARN_EMPTY_BODY = YES;
				CLANG_WARN_ENUM_CONVERSION = YES;
				CLANG_WARN_INFINITE_RECURSION = YES;
				CLANG_WARN_INT_CONVERSION = YES;
				CLANG_WARN_NON_LITERAL_NULL_CONVERSION = YES;
				CLANG_WARN_OBJC_IMPLICIT_RETAIN_SELF = YES;
				CLANG_WARN_OBJC_LITERAL_CONVERSION = YES;
				CLANG_WARN_OBJC_ROOT_CLASS = YES_ERROR;
				CLANG_WARN_QUOTED_INCLUDE_IN_FRAMEWORK_HEADER = YES;
				CLANG_WARN_RANGE_LOOP_ANALYSIS = YES;
				CLANG_WARN_STRICT_PROTOTYPES = YES;
				CLANG_WARN_SUSPICIOUS_MOVE = YES;
				CLANG_WARN_UNGUARDED_AVAILABILITY = YES_AGGRESSIVE;
				CLANG_WARN_UNREACHABLE_CODE = YES;
				CLANG_WARN__DUPLICATE_METHOD_MATCH = YES;
				COPY_PHASE_STRIP = NO;
				DEBUG_INFORMATION_FORMAT = dwarf;
				ENABLE_STRICT_OBJC_MSGSEND = YES;
				ENABLE_TESTABILITY = YES;
				ENABLE_USER_SCRIPT_SANDBOXING = YES;
				GCC_C_LANGUAGE_STANDARD = gnu17;
				GCC_DYNAMIC_NO_PIC = NO;
				GCC_NO_COMMON_BLOCKS = YES;
				GCC_OPTIMIZATION_LEVEL = 0;
				GCC_PREPROCESSOR_DEFINITIONS = (
					"DEBUG=1",
					"$(inherited)",
				);
				GCC_WARN_64_TO_32_BIT_CONVERSION = YES;
				GCC_WARN_ABOUT_RETURN_TYPE = YES_ERROR;
				GCC_WARN_UNDECLARED_SELECTOR = YES;
				GCC_WARN_UNINITIALIZED_AUTOS = YES_AGGRESSIVE;
				GCC_WARN_UNUSED_FUNCTION = YES;
				GCC_WARN_UNUSED_VARIABLE = YES;
				IPHONEOS_DEPLOYMENT_TARGET = 17.2;
				LOCALIZATION_PREFERS_STRING_CATALOGS = YES;
				MTL_ENABLE_DEBUG_INFO = INCLUDE_SOURCE;
				MTL_FAST_MATH = YES;
				ONLY_ACTIVE_ARCH = YES;
				SDKROOT = iphoneos;
				SWIFT_ACTIVE_COMPILATION_CONDITIONS = "DEBUG $(inherited)";
				SWIFT_OPTIMIZATION_LEVEL = "-Onone";
			};
			name = Debug;
		};
		A6DE6CDC2BDA5FB500580E0E /* Release */ = {
			isa = XCBuildConfiguration;
			buildSettings = {
				ALWAYS_SEARCH_USER_PATHS = NO;
				ASSETCATALOG_COMPILER_GENERATE_SWIFT_ASSET_SYMBOL_EXTENSIONS = YES;
				CLANG_ANALYZER_NONNULL = YES;
				CLANG_ANALYZER_NUMBER_OBJECT_CONVERSION = YES_AGGRESSIVE;
				CLANG_CXX_LANGUAGE_STANDARD = "gnu++20";
				CLANG_ENABLE_MODULES = YES;
				CLANG_ENABLE_OBJC_ARC = YES;
				CLANG_ENABLE_OBJC_WEAK = YES;
				CLANG_WARN_BLOCK_CAPTURE_AUTORELEASING = YES;
				CLANG_WARN_BOOL_CONVERSION = YES;
				CLANG_WARN_COMMA = YES;
				CLANG_WARN_CONSTANT_CONVERSION = YES;
				CLANG_WARN_DEPRECATED_OBJC_IMPLEMENTATIONS = YES;
				CLANG_WARN_DIRECT_OBJC_ISA_USAGE = YES_ERROR;
				CLANG_WARN_DOCUMENTATION_COMMENTS = YES;
				CLANG_WARN_EMPTY_BODY = YES;
				CLANG_WARN_ENUM_CONVERSION = YES;
				CLANG_WARN_INFINITE_RECURSION = YES;
				CLANG_WARN_INT_CONVERSION = YES;
				CLANG_WARN_NON_LITERAL_NULL_CONVERSION = YES;
				CLANG_WARN_OBJC_IMPLICIT_RETAIN_SELF = YES;
				CLANG_WARN_OBJC_LITERAL_CONVERSION = YES;
				CLANG_WARN_OBJC_ROOT_CLASS = YES_ERROR;
				CLANG_WARN_QUOTED_INCLUDE_IN_FRAMEWORK_HEADER = YES;
				CLANG_WARN_RANGE_LOOP_ANALYSIS = YES;
				CLANG_WARN_STRICT_PROTOTYPES = YES;
				CLANG_WARN_SUSPICIOUS_MOVE = YES;
				CLANG_WARN_UNGUARDED_AVAILABILITY = YES_AGGRESSIVE;
				CLANG_WARN_UNREACHABLE_CODE = YES;
				CLANG_WARN__DUPLICATE_METHOD_MATCH = YES;
				COPY_PHASE_STRIP = NO;
				DEBUG_INFORMATION_FORMAT = "dwarf-with-dsym";
				ENABLE_NS_ASSERTIONS = NO;
				ENABLE_STRICT_OBJC_MSGSEND = YES;
				ENABLE_USER_SCRIPT_SANDBOXING = YES;
				GCC_C_LANGUAGE_STANDARD = gnu17;
				GCC_NO_COMMON_BLOCKS = YES;
				GCC_WARN_64_TO_32_BIT_CONVERSION = YES;
				GCC_WARN_ABOUT_RETURN_TYPE = YES_ERROR;
				GCC_WARN_UNDECLARED_SELECTOR = YES;
				GCC_WARN_UNINITIALIZED_AUTOS = YES_AGGRESSIVE;
				GCC_WARN_UNUSED_FUNCTION = YES;
				GCC_WARN_UNUSED_VARIABLE = YES;
				IPHONEOS_DEPLOYMENT_TARGET = 17.2;
				LOCALIZATION_PREFERS_STRING_CATALOGS = YES;
				MTL_ENABLE_DEBUG_INFO = NO;
				MTL_FAST_MATH = YES;
				SDKROOT = iphoneos;
				SWIFT_COMPILATION_MODE = wholemodule;
				VALIDATE_PRODUCT = YES;
			};
			name = Release;
		};
		A6DE6CDE2BDA5FB500580E0E /* Debug */ = {
			isa = XCBuildConfiguration;
			buildSettings = {
				ASSETCATALOG_COMPILER_APPICON_NAME = AppIcon;
				ASSETCATALOG_COMPILER_GLOBAL_ACCENT_COLOR_NAME = AccentColor;
				CODE_SIGN_STYLE = Automatic;
				CURRENT_PROJECT_VERSION = 1;
				DEVELOPMENT_ASSET_PATHS = "\"TableViewWithPaginationUsingCombineSwiftUI/Preview Content\"";
				DEVELOPMENT_TEAM = 36M95HK4F4;
				ENABLE_PREVIEWS = YES;
				GENERATE_INFOPLIST_FILE = YES;
				INFOPLIST_KEY_UIApplicationSceneManifest_Generation = YES;
				INFOPLIST_KEY_UIApplicationSupportsIndirectInputEvents = YES;
				INFOPLIST_KEY_UILaunchScreen_Generation = YES;
				INFOPLIST_KEY_UISupportedInterfaceOrientations_iPad = "UIInterfaceOrientationPortrait UIInterfaceOrientationPortraitUpsideDown UIInterfaceOrientationLandscapeLeft UIInterfaceOrientationLandscapeRight";
				INFOPLIST_KEY_UISupportedInterfaceOrientations_iPhone = "UIInterfaceOrientationPortrait UIInterfaceOrientationLandscapeLeft UIInterfaceOrientationLandscapeRight";
				LD_RUNPATH_SEARCH_PATHS = (
					"$(inherited)",
					"@executable_path/Frameworks",
				);
				MARKETING_VERSION = 1.0;
				PRODUCT_BUNDLE_IDENTIFIER = com.intellivision.TableViewWithPaginationUsingCombineSwiftUI;
				PRODUCT_NAME = "$(TARGET_NAME)";
				SUPPORTED_PLATFORMS = "iphoneos iphonesimulator";
				SUPPORTS_MACCATALYST = NO;
				SUPPORTS_MAC_DESIGNED_FOR_IPHONE_IPAD = NO;
				SUPPORTS_XR_DESIGNED_FOR_IPHONE_IPAD = NO;
				SWIFT_EMIT_LOC_STRINGS = YES;
				SWIFT_VERSION = 5.0;
				TARGETED_DEVICE_FAMILY = 1;
			};
			name = Debug;
		};
		A6DE6CDF2BDA5FB500580E0E /* Release */ = {
			isa = XCBuildConfiguration;
			buildSettings = {
				ASSETCATALOG_COMPILER_APPICON_NAME = AppIcon;
				ASSETCATALOG_COMPILER_GLOBAL_ACCENT_COLOR_NAME = AccentColor;
				CODE_SIGN_STYLE = Automatic;
				CURRENT_PROJECT_VERSION = 1;
				DEVELOPMENT_ASSET_PATHS = "\"TableViewWithPaginationUsingCombineSwiftUI/Preview Content\"";
				DEVELOPMENT_TEAM = 36M95HK4F4;
				ENABLE_PREVIEWS = YES;
				ENABLE_TESTABILITY = YES;
				GENERATE_INFOPLIST_FILE = YES;
				INFOPLIST_KEY_UIApplicationSceneManifest_Generation = YES;
				INFOPLIST_KEY_UIApplicationSupportsIndirectInputEvents = YES;
				INFOPLIST_KEY_UILaunchScreen_Generation = YES;
				INFOPLIST_KEY_UISupportedInterfaceOrientations_iPad = "UIInterfaceOrientationPortrait UIInterfaceOrientationPortraitUpsideDown UIInterfaceOrientationLandscapeLeft UIInterfaceOrientationLandscapeRight";
				INFOPLIST_KEY_UISupportedInterfaceOrientations_iPhone = "UIInterfaceOrientationPortrait UIInterfaceOrientationLandscapeLeft UIInterfaceOrientationLandscapeRight";
				LD_RUNPATH_SEARCH_PATHS = (
					"$(inherited)",
					"@executable_path/Frameworks",
				);
				MARKETING_VERSION = 1.0;
				PRODUCT_BUNDLE_IDENTIFIER = com.intellivision.TableViewWithPaginationUsingCombineSwiftUI;
				PRODUCT_NAME = "$(TARGET_NAME)";
				SUPPORTED_PLATFORMS = "iphoneos iphonesimulator";
				SUPPORTS_MACCATALYST = NO;
				SUPPORTS_MAC_DESIGNED_FOR_IPHONE_IPAD = NO;
				SUPPORTS_XR_DESIGNED_FOR_IPHONE_IPAD = NO;
				SWIFT_EMIT_LOC_STRINGS = YES;
				SWIFT_VERSION = 5.0;
				TARGETED_DEVICE_FAMILY = 1;
			};
			name = Release;
		};
/* End XCBuildConfiguration section */

/* Begin XCConfigurationList section */
		A61757F72BDAD77400CDF7E7 /* Build configuration list for PBXNativeTarget "TableViewWithPaginationUsingCombineSwiftUITests" */ = {
			isa = XCConfigurationList;
			buildConfigurations = (
				A61757F82BDAD77400CDF7E7 /* Debug */,
				A61757F92BDAD77400CDF7E7 /* Release */,
			);
			defaultConfigurationIsVisible = 0;
			defaultConfigurationName = Release;
		};
		A6DE6CCA2BDA5FB200580E0E /* Build configuration list for PBXProject "TableViewWithPaginationUsingCombineSwiftUI" */ = {
			isa = XCConfigurationList;
			buildConfigurations = (
				A6DE6CDB2BDA5FB500580E0E /* Debug */,
				A6DE6CDC2BDA5FB500580E0E /* Release */,
			);
			defaultConfigurationIsVisible = 0;
			defaultConfigurationName = Release;
		};
		A6DE6CDD2BDA5FB500580E0E /* Build configuration list for PBXNativeTarget "TableViewWithPaginationUsingCombineSwiftUI" */ = {
			isa = XCConfigurationList;
			buildConfigurations = (
				A6DE6CDE2BDA5FB500580E0E /* Debug */,
				A6DE6CDF2BDA5FB500580E0E /* Release */,
			);
			defaultConfigurationIsVisible = 0;
			defaultConfigurationName = Release;
		};
/* End XCConfigurationList section */
	};
	rootObject = A6DE6CC72BDA5FB200580E0E /* Project object */;
}
